
Microsoft Visual Studio Solution File, Format Version 12.00
# Visual Studio 15
VisualStudioVersion = 15.0.27428.2043
MinimumVisualStudioVersion = 10.0.40219.1
Project("{FAE04EC0-301F-11D3-BF4B-00C04F79EFBC}") = "ProjectHaeia.Main", "ProjectHaeia.Main\ProjectHaeia.Main.csproj", "{2EC1EDDF-484B-41C4-A926-30E9F59DBEBB}"
EndProject
Global
	GlobalSection(SolutionConfigurationPlatforms) = preSolution
		Debug|x86 = Debug|x86
		Release|x86 = Release|x86
	EndGlobalSection
	GlobalSection(ProjectConfigurationPlatforms) = postSolution
		{2EC1EDDF-484B-41C4-A926-30E9F59DBEBB}.Debug|x86.ActiveCfg = Debug|x86
		{2EC1EDDF-484B-41C4-A926-30E9F59DBEBB}.Debug|x86.Build.0 = Debug|x86
		{2EC1EDDF-484B-41C4-A926-30E9F59DBEBB}.Release|x86.ActiveCfg = Release|x86
		{2EC1EDDF-484B-41C4-A926-30E9F59DBEBB}.Release|x86.Build.0 = Release|x86
	EndGlobalSection
	GlobalSection(SolutionProperties) = preSolution
		HideSolutionNode = FALSE
	EndGlobalSection
	GlobalSection(ExtensibilityGlobals) = postSolution
		SolutionGuid = {55D83318-F60B-4B07-A676-49877007CB41}
	EndGlobalSection
EndGlobal
